
Microsoft Visual Studio Solution File, Format Version 12.00
# Visual Studio Version 17
VisualStudioVersion = 17.4.33403.182
MinimumVisualStudioVersion = 10.0.40219.1
Project("{9A19103F-16F7-4668-BE54-9A1E7A4F7556}") = "Sandbox", "Sandbox\Sandbox.csproj", "{9F786E79-2784-4AFD-ABBB-9F0B58667D41}"
EndProject
Project("{9A19103F-16F7-4668-BE54-9A1E7A4F7556}") = "CitReport", "CitReport\CitReport.csproj", "{FACFB9F5-D5AF-4F87-823E-39941BEF679A}"
EndProject
Project("{9A19103F-16F7-4668-BE54-9A1E7A4F7556}") = "CitReport.IO", "CitReport.IO\CitReport.IO.csproj", "{6A0B911D-BE48-4E5D-B192-A014809DC2C1}"
EndProject
Project("{9A19103F-16F7-4668-BE54-9A1E7A4F7556}") = "CitReport.IOTests", "CitReport.IOTests\CitReport.IOTests.csproj", "{2E78FE13-4D6E-46B3-88FA-D845445E475A}"
EndProject
Project("{9A19103F-16F7-4668-BE54-9A1E7A4F7556}") = "ReportAnalizer", "ReportAnalizer\ReportAnalizer.csproj", "{BD9F2F4D-A83B-406B-837A-1B7414E35CAD}"
EndProject
Project("{FAE04EC0-301F-11D3-BF4B-00C04F79EFBC}") = "ControlsSandbox", "ControlsSandbox\ControlsSandbox.csproj", "{C61AAAB3-2229-485A-9A57-61207A44A5D1}"
EndProject
Global
	GlobalSection(SolutionConfigurationPlatforms) = preSolution
		Debug|Any CPU = Debug|Any CPU
		Release|Any CPU = Release|Any CPU
	EndGlobalSection
	GlobalSection(ProjectConfigurationPlatforms) = postSolution
		{9F786E79-2784-4AFD-ABBB-9F0B58667D41}.Debug|Any CPU.ActiveCfg = Debug|Any CPU
		{9F786E79-2784-4AFD-ABBB-9F0B58667D41}.Debug|Any CPU.Build.0 = Debug|Any CPU
		{9F786E79-2784-4AFD-ABBB-9F0B58667D41}.Release|Any CPU.ActiveCfg = Release|Any CPU
		{9F786E79-2784-4AFD-ABBB-9F0B58667D41}.Release|Any CPU.Build.0 = Release|Any CPU
		{FACFB9F5-D5AF-4F87-823E-39941BEF679A}.Debug|Any CPU.ActiveCfg = Debug|Any CPU
		{FACFB9F5-D5AF-4F87-823E-39941BEF679A}.Debug|Any CPU.Build.0 = Debug|Any CPU
		{FACFB9F5-D5AF-4F87-823E-39941BEF679A}.Release|Any CPU.ActiveCfg = Release|Any CPU
		{FACFB9F5-D5AF-4F87-823E-39941BEF679A}.Release|Any CPU.Build.0 = Release|Any CPU
		{6A0B911D-BE48-4E5D-B192-A014809DC2C1}.Debug|Any CPU.ActiveCfg = Debug|Any CPU
		{6A0B911D-BE48-4E5D-B192-A014809DC2C1}.Debug|Any CPU.Build.0 = Debug|Any CPU
		{6A0B911D-BE48-4E5D-B192-A014809DC2C1}.Release|Any CPU.ActiveCfg = Release|Any CPU
		{6A0B911D-BE48-4E5D-B192-A014809DC2C1}.Release|Any CPU.Build.0 = Release|Any CPU
		{2E78FE13-4D6E-46B3-88FA-D845445E475A}.Debug|Any CPU.ActiveCfg = Debug|Any CPU
		{2E78FE13-4D6E-46B3-88FA-D845445E475A}.Debug|Any CPU.Build.0 = Debug|Any CPU
		{2E78FE13-4D6E-46B3-88FA-D845445E475A}.Release|Any CPU.ActiveCfg = Release|Any CPU
		{2E78FE13-4D6E-46B3-88FA-D845445E475A}.Release|Any CPU.Build.0 = Release|Any CPU
		{BD9F2F4D-A83B-406B-837A-1B7414E35CAD}.Debug|Any CPU.ActiveCfg = Debug|Any CPU
		{BD9F2F4D-A83B-406B-837A-1B7414E35CAD}.Debug|Any CPU.Build.0 = Debug|Any CPU
		{BD9F2F4D-A83B-406B-837A-1B7414E35CAD}.Release|Any CPU.ActiveCfg = Release|Any CPU
		{BD9F2F4D-A83B-406B-837A-1B7414E35CAD}.Release|Any CPU.Build.0 = Release|Any CPU
		{C61AAAB3-2229-485A-9A57-61207A44A5D1}.Debug|Any CPU.ActiveCfg = Debug|Any CPU
		{C61AAAB3-2229-485A-9A57-61207A44A5D1}.Debug|Any CPU.Build.0 = Debug|Any CPU
		{C61AAAB3-2229-485A-9A57-61207A44A5D1}.Release|Any CPU.ActiveCfg = Release|Any CPU
		{C61AAAB3-2229-485A-9A57-61207A44A5D1}.Release|Any CPU.Build.0 = Release|Any CPU
	EndGlobalSection
	GlobalSection(SolutionProperties) = preSolution
		HideSolutionNode = FALSE
	EndGlobalSection
	GlobalSection(ExtensibilityGlobals) = postSolution
		SolutionGuid = {4DC80DE8-5CF9-42DD-93FA-6633F9E5DE55}
	EndGlobalSection
EndGlobal
